
Microsoft Visual Studio Solution File, Format Version 12.00
# Visual Studio Version 16
VisualStudioVersion = 16.0.31205.134
MinimumVisualStudioVersion = 10.0.40219.1
Project("{FAE04EC0-301F-11D3-BF4B-00C04F79EFBC}") = "Contacts App", "Contacts App\Contacts App.csproj", "{14C5241B-C88B-40AD-9329-B926F07F8BA2}"
EndProject
Global
	GlobalSection(SolutionConfigurationPlatforms) = preSolution
		Debug|Any CPU = Debug|Any CPU
		Release|Any CPU = Release|Any CPU
	EndGlobalSection
	GlobalSection(ProjectConfigurationPlatforms) = postSolution
		{14C5241B-C88B-40AD-9329-B926F07F8BA2}.Debug|Any CPU.ActiveCfg = Debug|Any CPU
		{14C5241B-C88B-40AD-9329-B926F07F8BA2}.Debug|Any CPU.Build.0 = Debug|Any CPU
		{14C5241B-C88B-40AD-9329-B926F07F8BA2}.Release|Any CPU.ActiveCfg = Release|Any CPU
		{14C5241B-C88B-40AD-9329-B926F07F8BA2}.Release|Any CPU.Build.0 = Release|Any CPU
	EndGlobalSection
	GlobalSection(SolutionProperties) = preSolution
		HideSolutionNode = FALSE
	EndGlobalSection
	GlobalSection(ExtensibilityGlobals) = postSolution
		SolutionGuid = {B5EBBE3F-65AA-4B40-9F96-BD8CBB433839}
	EndGlobalSection
EndGlobal
